
Microsoft Visual Studio Solution File, Format Version 12.00
# Visual Studio Version 17
VisualStudioVersion = 17.4.33205.214
MinimumVisualStudioVersion = 10.0.40219.1
Project("{FAE04EC0-301F-11D3-BF4B-00C04F79EFBC}") = "ExcelTest", "ExcelTest\ExcelTest.csproj", "{88B780CB-A62B-499E-839D-4EAC62B427C9}"
EndProject
Project("{FAE04EC0-301F-11D3-BF4B-00C04F79EFBC}") = "WindowsFormsApp1", "WindowsFormsApp1\WindowsFormsApp1.csproj", "{7CADD8CF-FD8C-4939-B6F0-1FB9C7E0A364}"
EndProject
Global
	GlobalSection(SolutionConfigurationPlatforms) = preSolution
		Debug|Any CPU = Debug|Any CPU
		Release|Any CPU = Release|Any CPU
	EndGlobalSection
	GlobalSection(ProjectConfigurationPlatforms) = postSolution
		{88B780CB-A62B-499E-839D-4EAC62B427C9}.Debug|Any CPU.ActiveCfg = Debug|Any CPU
		{88B780CB-A62B-499E-839D-4EAC62B427C9}.Debug|Any CPU.Build.0 = Debug|Any CPU
		{88B780CB-A62B-499E-839D-4EAC62B427C9}.Release|Any CPU.ActiveCfg = Release|Any CPU
		{88B780CB-A62B-499E-839D-4EAC62B427C9}.Release|Any CPU.Build.0 = Release|Any CPU
		{7CADD8CF-FD8C-4939-B6F0-1FB9C7E0A364}.Debug|Any CPU.ActiveCfg = Debug|Any CPU
		{7CADD8CF-FD8C-4939-B6F0-1FB9C7E0A364}.Debug|Any CPU.Build.0 = Debug|Any CPU
		{7CADD8CF-FD8C-4939-B6F0-1FB9C7E0A364}.Release|Any CPU.ActiveCfg = Release|Any CPU
		{7CADD8CF-FD8C-4939-B6F0-1FB9C7E0A364}.Release|Any CPU.Build.0 = Release|Any CPU
	EndGlobalSection
	GlobalSection(SolutionProperties) = preSolution
		HideSolutionNode = FALSE
	EndGlobalSection
	GlobalSection(ExtensibilityGlobals) = postSolution
		SolutionGuid = {D8DF347F-0057-42AA-9F3B-88616FC167A5}
	EndGlobalSection
EndGlobal
